
Microsoft Visual Studio Solution File, Format Version 12.00
# Visual Studio Version 17
VisualStudioVersion = 17.8.34511.84
MinimumVisualStudioVersion = 10.0.40219.1
Project("{FAE04EC0-301F-11D3-BF4B-00C04F79EFBC}") = "SampleDemo", "SampleDemo\SampleDemo.csproj", "{CC4C5327-CC8E-4AE6-9B72-E2B8864B28EE}"
EndProject
Global
	GlobalSection(SolutionConfigurationPlatforms) = preSolution
		Debug|Any CPU = Debug|Any CPU
		Release|Any CPU = Release|Any CPU
	EndGlobalSection
	GlobalSection(ProjectConfigurationPlatforms) = postSolution
		{CC4C5327-CC8E-4AE6-9B72-E2B8864B28EE}.Debug|Any CPU.ActiveCfg = Debug|Any CPU
		{CC4C5327-CC8E-4AE6-9B72-E2B8864B28EE}.Debug|Any CPU.Build.0 = Debug|Any CPU
		{CC4C5327-CC8E-4AE6-9B72-E2B8864B28EE}.Debug|Any CPU.Deploy.0 = Debug|Any CPU
		{CC4C5327-CC8E-4AE6-9B72-E2B8864B28EE}.Release|Any CPU.ActiveCfg = Release|Any CPU
		{CC4C5327-CC8E-4AE6-9B72-E2B8864B28EE}.Release|Any CPU.Build.0 = Release|Any CPU
		{CC4C5327-CC8E-4AE6-9B72-E2B8864B28EE}.Release|Any CPU.Deploy.0 = Release|Any CPU
	EndGlobalSection
	GlobalSection(SolutionProperties) = preSolution
		HideSolutionNode = FALSE
	EndGlobalSection
	GlobalSection(ExtensibilityGlobals) = postSolution
		SolutionGuid = {194B4FB8-071F-482C-B9A8-509D7F600B41}
	EndGlobalSection
EndGlobal
